lockfileVersion: '9.0'

settings:
  autoInstallPeers: true
  excludeLinksFromLockfile: false

importers:

  .:
    dependencies:
      '@trbn/jsoncanvas':
        specifier: ^1.0.6
        version: 1.0.6
      chalk:
        specifier: ^5.3.0
        version: 5.6.2
      flatted:
        specifier: ^3.3.1
        version: 3.4.2
      lodash:
        specifier: ^4.17.21
        version: 4.18.1
      remark-parse:
        specifier: ^11.0.0
        version: 11.0.0
      unified:
        specifier: ^11.0.4
        version: 11.0.5
      unist-util-visit:
        specifier: ^5.0.0
        version: 5.1.0
      zod:
        specifier: ^3.22.4
        version: 3.25.76
    devDependencies:
      '@types/lodash':
        specifier: ^4.17.0
        version: 4.17.24
      '@types/mdast':
        specifier: ^4.0.4
        version: 4.0.4
      '@types/node':
        specifier: ^20.11.30
        version: 20.19.41
      typescript:
        specifier: ^5.4.3
        version: 5.9.3

packages:

  '@trbn/jsoncanvas@1.0.6':
    resolution: {integrity: sha512-PO/x5ASJZmdT93fB8ti4d9gLOIC+nzcN4whXWIftv/zHFZlbyC6hjcAhiyv1AXwsv/vbtBvBugY+8f/FUfGAhg==}

  '@types/debug@4.1.13':
    resolution: {integrity: sha512-KSVgmQmzMwPlmtljOomayoR89W4FynCAi3E8PPs7vmDVPe84hT+vGPKkJfThkmXs0x0jAaa9U8uW8bbfyS2fWw==}

  '@types/lodash@4.17.24':
    resolution: {integrity: sha512-gIW7lQLZbue7lRSWEFql49QJJWThrTFFeIMJdp3eH4tKoxm1OvEPg02rm4wCCSHS0cL3/Fizimb35b7k8atwsQ==}

  '@types/mdast@4.0.4':
    resolution: {integrity: sha512-kGaNbPh1k7AFzgpud/gMdvIm5xuECykRR+JnWKQno9TAXVa6WIVCGTPvYGekIDL4uwCZQSYbUxNBSb1aUo79oA==}

  '@types/ms@2.1.0':
    resolution: {integrity: sha512-GsCCIZDE/p3i96vtEqx+7dBUGXrc7zeSK3wwPHIaRThS+9OhWIXRqzs4d6k1SVU8g91DrNRWxWUGhp5KXQb2VA==}

  '@types/node@20.19.41':
    resolution: {integrity: sha512-ECymXOukMnOoVkC2bb1Vc/w/836DXncOg5m8Xj1RH7xSHZJWNYY6Zh7EH477vcnD5egKNNfy2RpNOmuChhFPgQ==}

  '@types/unist@3.0.3':
    resolution: {integrity: sha512-ko/gIFJRv177XgZsZcBwnqJN5x/Gien8qNOn0D5bQU/zAzVf9Zt3BlcUiLqhV9y4ARk0GbT3tnUiPNgnTXzc/Q==}

  bail@2.0.2:
    resolution: {integrity: sha512-0xO6mYd7JB2YesxDKplafRpsiOzPt9V02ddPCLbY1xYGPOX24NTyN50qnUxgCPcSoYMhKpAuBTjQoRZCAkUDRw==}

  chalk@5.6.2:
    resolution: {integrity: sha512-7NzBL0rN6fMUW+f7A6Io4h40qQlG+xGmtMxfbnH/K7TAtt8JQWVQK+6g0UXKMeVJoyV5EkkNsErQ8pVD3bLHbA==}
    engines: {node: ^12.17.0 || ^14.13 || >=16.0.0}

  character-entities@2.0.2:
    resolution: {integrity: sha512-shx7oQ0Awen/BRIdkjkvz54PnEEI/EjwXDSIZp86/KKdbafHh1Df/RYGBhn4hbe2+uKC9FnT5UCEdyPz3ai9hQ==}

  debug@4.4.3:
    resolution: {integrity: sha512-RGwwWnwQvkVfavKVt22FGLw+xYSdzARwm0ru6DhTVA3umU5hZc28V3kO4stgYryrTlLpuvgI9GiijltAjNbcqA==}
    engines: {node: '>=6.0'}
    peerDependencies:
      supports-color: '*'
    peerDependenciesMeta:
      supports-color:
        optional: true

  decode-named-character-reference@1.3.0:
    resolution: {integrity: sha512-GtpQYB283KrPp6nRw50q3U9/VfOutZOe103qlN7BPP6Ad27xYnOIWv4lPzo8HCAL+mMZofJ9KEy30fq6MfaK6Q==}

  dequal@2.0.3:
    resolution: {integrity: sha512-0je+qPKHEMohvfRTCEo3CrPG6cAzAYgmzKyxRiYSSDkS6eGJdyVJm7WaYA5ECaAD9wLB2T4EEeymA5aFVcYXCA==}
    engines: {node: '>=6'}

  devlop@1.1.0:
    resolution: {integrity: sha512-RWmIqhcFf1lRYBvNmr7qTNuyCt/7/ns2jbpp1+PalgE/rDQcBT0fioSMUpJ93irlUhC5hrg4cYqe6U+0ImW0rA==}

  extend@3.0.2:
    resolution: {integrity: sha512-fjquC59cD7CyW6urNXK0FBufkZcoiGG80wTuPujX590cB5Ttln20E2UB4S/WARVqhXffZl2LNgS+gQdPIIim/g==}

  flatted@3.4.2:
    resolution: {integrity: sha512-PjDse7RzhcPkIJwy5t7KPWQSZ9cAbzQXcafsetQoD7sOJRQlGikNbx7yZp2OotDnJyrDcbyRq3Ttb18iYOqkxA==}

  is-plain-obj@4.1.0:
    resolution: {integrity: sha512-+Pgi+vMuUNkJyExiMBt5IlFoMyKnr5zhJ4Uspz58WOhBF5QoIZkFyNHIbBAtHwzVAgk5RtndVNsDRN61/mmDqg==}
    engines: {node: '>=12'}

  lodash@4.18.1:
    resolution: {integrity: sha512-dMInicTPVE8d1e5otfwmmjlxkZoUpiVLwyeTdUsi/Caj/gfzzblBcCE5sRHV/AsjuCmxWrte2TNGSYuCeCq+0Q==}

  mdast-util-from-markdown@2.0.3:
    resolution: {integrity: sha512-W4mAWTvSlKvf8L6J+VN9yLSqQ9AOAAvHuoDAmPkz4dHf553m5gVj2ejadHJhoJmcmxEnOv6Pa8XJhpxE93kb8Q==}

  mdast-util-to-string@4.0.0:
    resolution: {integrity: sha512-0H44vDimn51F0YwvxSJSm0eCDOJTRlmN0R1yBh4HLj9wiV1Dn0QoXGbvFAWj2hSItVTlCmBF1hqKlIyUBVFLPg==}

  micromark-core-commonmark@2.0.3:
    resolution: {integrity: sha512-RDBrHEMSxVFLg6xvnXmb1Ayr2WzLAWjeSATAoxwKYJV94TeNavgoIdA0a9ytzDSVzBy2YKFK+emCPOEibLeCrg==}

  micromark-factory-destination@2.0.1:
    resolution: {integrity: sha512-Xe6rDdJlkmbFRExpTOmRj9N3MaWmbAgdpSrBQvCFqhezUn4AHqJHbaEnfbVYYiexVSs//tqOdY/DxhjdCiJnIA==}

  micromark-factory-label@2.0.1:
    resolution: {integrity: sha512-VFMekyQExqIW7xIChcXn4ok29YE3rnuyveW3wZQWWqF4Nv9Wk5rgJ99KzPvHjkmPXF93FXIbBp6YdW3t71/7Vg==}

  micromark-factory-space@2.0.1:
    resolution: {integrity: sha512-zRkxjtBxxLd2Sc0d+fbnEunsTj46SWXgXciZmHq0kDYGnck/ZSGj9/wULTV95uoeYiK5hRXP2mJ98Uo4cq/LQg==}

  micromark-factory-title@2.0.1:
    resolution: {integrity: sha512-5bZ+3CjhAd9eChYTHsjy6TGxpOFSKgKKJPJxr293jTbfry2KDoWkhBb6TcPVB4NmzaPhMs1Frm9AZH7OD4Cjzw==}

  micromark-factory-whitespace@2.0.1:
    resolution: {integrity: sha512-Ob0nuZ3PKt/n0hORHyvoD9uZhr+Za8sFoP+OnMcnWK5lngSzALgQYKMr9RJVOWLqQYuyn6ulqGWSXdwf6F80lQ==}

  micromark-util-character@2.1.1:
    resolution: {integrity: sha512-wv8tdUTJ3thSFFFJKtpYKOYiGP2+v96Hvk4Tu8KpCAsTMs6yi+nVmGh1syvSCsaxz45J6Jbw+9DD6g97+NV67Q==}

  micromark-util-chunked@2.0.1:
    resolution: {integrity: sha512-QUNFEOPELfmvv+4xiNg2sRYeS/P84pTW0TCgP5zc9FpXetHY0ab7SxKyAQCNCc1eK0459uoLI1y5oO5Vc1dbhA==}

  micromark-util-classify-character@2.0.1:
    resolution: {integrity: sha512-K0kHzM6afW/MbeWYWLjoHQv1sgg2Q9EccHEDzSkxiP/EaagNzCm7T/WMKZ3rjMbvIpvBiZgwR3dKMygtA4mG1Q==}

  micromark-util-combine-extensions@2.0.1:
    resolution: {integrity: sha512-OnAnH8Ujmy59JcyZw8JSbK9cGpdVY44NKgSM7E9Eh7DiLS2E9RNQf0dONaGDzEG9yjEl5hcqeIsj4hfRkLH/Bg==}

  micromark-util-decode-numeric-character-reference@2.0.2:
    resolution: {integrity: sha512-ccUbYk6CwVdkmCQMyr64dXz42EfHGkPQlBj5p7YVGzq8I7CtjXZJrubAYezf7Rp+bjPseiROqe7G6foFd+lEuw==}

  micromark-util-decode-string@2.0.1:
    resolution: {integrity: sha512-nDV/77Fj6eH1ynwscYTOsbK7rR//Uj0bZXBwJZRfaLEJ1iGBR6kIfNmlNqaqJf649EP0F3NWNdeJi03elllNUQ==}

  micromark-util-encode@2.0.1:
    resolution: {integrity: sha512-c3cVx2y4KqUnwopcO9b/SCdo2O67LwJJ/UyqGfbigahfegL9myoEFoDYZgkT7f36T0bLrM9hZTAaAyH+PCAXjw==}

  micromark-util-html-tag-name@2.0.1:
    resolution: {integrity: sha512-2cNEiYDhCWKI+Gs9T0Tiysk136SnR13hhO8yW6BGNyhOC4qYFnwF1nKfD3HFAIXA5c45RrIG1ub11GiXeYd1xA==}

  micromark-util-normalize-identifier@2.0.1:
    resolution: {integrity: sha512-sxPqmo70LyARJs0w2UclACPUUEqltCkJ6PhKdMIDuJ3gSf/Q+/GIe3WKl0Ijb/GyH9lOpUkRAO2wp0GVkLvS9Q==}

  micromark-util-resolve-all@2.0.1:
    resolution: {integrity: sha512-VdQyxFWFT2/FGJgwQnJYbe1jjQoNTS4RjglmSjTUlpUMa95Htx9NHeYW4rGDJzbjvCsl9eLjMQwGeElsqmzcHg==}

  micromark-util-sanitize-uri@2.0.1:
    resolution: {integrity: sha512-9N9IomZ/YuGGZZmQec1MbgxtlgougxTodVwDzzEouPKo3qFWvymFHWcnDi2vzV1ff6kas9ucW+o3yzJK9YB1AQ==}

  micromark-util-subtokenize@2.1.0:
    resolution: {integrity: sha512-XQLu552iSctvnEcgXw6+Sx75GflAPNED1qx7eBJ+wydBb2KCbRZe+NwvIEEMM83uml1+2WSXpBAcp9IUCgCYWA==}

  micromark-util-symbol@2.0.1:
    resolution: {integrity: sha512-vs5t8Apaud9N28kgCrRUdEed4UJ+wWNvicHLPxCa9ENlYuAY31M0ETy5y1vA33YoNPDFTghEbnh6efaE8h4x0Q==}

  micromark-util-types@2.0.2:
    resolution: {integrity: sha512-Yw0ECSpJoViF1qTU4DC6NwtC4aWGt1EkzaQB8KPPyCRR8z9TWeV0HbEFGTO+ZY1wB22zmxnJqhPyTpOVCpeHTA==}

  micromark@4.0.2:
    resolution: {integrity: sha512-zpe98Q6kvavpCr1NPVSCMebCKfD7CA2NqZ+rykeNhONIJBpc1tFKt9hucLGwha3jNTNI8lHpctWJWoimVF4PfA==}

  ms@2.1.3:
    resolution: {integrity: sha512-6FlzubTLZG3J2a/NVCAleEhjzq5oxgHyaCU9yYXvcLsvoVaHJq/s5xXI6/XXP6tz7R9xAOtHnSO/tXtF3WRTlA==}

  remark-parse@11.0.0:
    resolution: {integrity: sha512-FCxlKLNGknS5ba/1lmpYijMUzX2esxW5xQqjWxw2eHFfS2MSdaHVINFmhjo+qN1WhZhNimq0dZATN9pH0IDrpA==}

  trough@2.2.0:
    resolution: {integrity: sha512-tmMpK00BjZiUyVyvrBK7knerNgmgvcV/KLVyuma/SC+TQN167GrMRciANTz09+k3zW8L8t60jWO1GpfkZdjTaw==}

  typescript@5.9.3:
    resolution: {integrity: sha512-jl1vZzPDinLr9eUt3J/t7V6FgNEw9QjvBPdysz9KfQDD41fQrC2Y4vKQdiaUpFT4bXlb1RHhLpp8wtm6M5TgSw==}
    engines: {node: '>=14.17'}
    hasBin: true

  undici-types@6.21.0:
    resolution: {integrity: sha512-iwDZqg0QAGrg9Rav5H4n0M64c3mkR59cJ6wQp+7C4nI0gsmExaedaYLNO44eT4AtBBwjbTiGPMlt2Md0T9H9JQ==}

  unified@11.0.5:
    resolution: {integrity: sha512-xKvGhPWw3k84Qjh8bI3ZeJjqnyadK+GEFtazSfZv/rKeTkTjOJho6mFqh2SM96iIcZokxiOpg78GazTSg8+KHA==}

  unist-util-is@6.0.1:
    resolution: {integrity: sha512-LsiILbtBETkDz8I9p1dQ0uyRUWuaQzd/cuEeS1hoRSyW5E5XGmTzlwY1OrNzzakGowI9Dr/I8HVaw4hTtnxy8g==}

  unist-util-stringify-position@4.0.0:
    resolution: {integrity: sha512-0ASV06AAoKCDkS2+xw5RXJywruurpbC4JZSm7nr7MOt1ojAzvyyaO+UxZf18j8FCF6kmzCZKcAgN/yu2gm2XgQ==}

  unist-util-visit-parents@6.0.2:
    resolution: {integrity: sha512-goh1s1TBrqSqukSc8wrjwWhL0hiJxgA8m4kFxGlQ+8FYQ3C/m11FcTs4YYem7V664AhHVvgoQLk890Ssdsr2IQ==}

  unist-util-visit@5.1.0:
    resolution: {integrity: sha512-m+vIdyeCOpdr/QeQCu2EzxX/ohgS8KbnPDgFni4dQsfSCtpz8UqDyY5GjRru8PDKuYn7Fq19j1CQ+nJSsGKOzg==}

  vfile-message@4.0.3:
    resolution: {integrity: sha512-QTHzsGd1EhbZs4AsQ20JX1rC3cOlt/IWJruk893DfLRr57lcnOeMaWG4K0JrRta4mIJZKth2Au3mM3u03/JWKw==}

  vfile@6.0.3:
    resolution: {integrity: sha512-KzIbH/9tXat2u30jf+smMwFCsno4wHVdNmzFyL+T/L3UGqqk6JKfVqOFOZEpZSHADH1k40ab6NUIXZq422ov3Q==}

  zod@3.25.76:
    resolution: {integrity: sha512-gzUt/qt81nXsFGKIFcC3YnfEAx5NkunCfnDlvuBSSFS02bcXu4Lmea0AFIUwbLWxWPx3d9p8S5QoaujKcNQxcQ==}

snapshots:

  '@trbn/jsoncanvas@1.0.6': {}

  '@types/debug@4.1.13':
    dependencies:
      '@types/ms': 2.1.0

  '@types/lodash@4.17.24': {}

  '@types/mdast@4.0.4':
    dependencies:
      '@types/unist': 3.0.3

  '@types/ms@2.1.0': {}

  '@types/node@20.19.41':
    dependencies:
      undici-types: 6.21.0

  '@types/unist@3.0.3': {}

  bail@2.0.2: {}

  chalk@5.6.2: {}

  character-entities@2.0.2: {}

  debug@4.4.3:
    dependencies:
      ms: 2.1.3

  decode-named-character-reference@1.3.0:
    dependencies:
      character-entities: 2.0.2

  dequal@2.0.3: {}

  devlop@1.1.0:
    dependencies:
      dequal: 2.0.3

  extend@3.0.2: {}

  flatted@3.4.2: {}

  is-plain-obj@4.1.0: {}

  lodash@4.18.1: {}

  mdast-util-from-markdown@2.0.3:
    dependencies:
      '@types/mdast': 4.0.4
      '@types/unist': 3.0.3
      decode-named-character-reference: 1.3.0
      devlop: 1.1.0
      mdast-util-to-string: 4.0.0
      micromark: 4.0.2
      micromark-util-decode-numeric-character-reference: 2.0.2
      micromark-util-decode-string: 2.0.1
      micromark-util-normalize-identifier: 2.0.1
      micromark-util-symbol: 2.0.1
      micromark-util-types: 2.0.2
      unist-util-stringify-position: 4.0.0
    transitivePeerDependencies:
      - supports-color

  mdast-util-to-string@4.0.0:
    dependencies:
      '@types/mdast': 4.0.4

  micromark-core-commonmark@2.0.3:
    dependencies:
      decode-named-character-reference: 1.3.0
      devlop: 1.1.0
      micromark-factory-destination: 2.0.1
      micromark-factory-label: 2.0.1
      micromark-factory-space: 2.0.1
      micromark-factory-title: 2.0.1
      micromark-factory-whitespace: 2.0.1
      micromark-util-character: 2.1.1
      micromark-util-chunked: 2.0.1
      micromark-util-classify-character: 2.0.1
      micromark-util-html-tag-name: 2.0.1
      micromark-util-normalize-identifier: 2.0.1
      micromark-util-resolve-all: 2.0.1
      micromark-util-subtokenize: 2.1.0
      micromark-util-symbol: 2.0.1
      micromark-util-types: 2.0.2

  micromark-factory-destination@2.0.1:
    dependencies:
      micromark-util-character: 2.1.1
      micromark-util-symbol: 2.0.1
      micromark-util-types: 2.0.2

  micromark-factory-label@2.0.1:
    dependencies:
      devlop: 1.1.0
      micromark-util-character: 2.1.1
      micromark-util-symbol: 2.0.1
      micromark-util-types: 2.0.2

  micromark-factory-space@2.0.1:
    dependencies:
      micromark-util-character: 2.1.1
      micromark-util-types: 2.0.2

  micromark-factory-title@2.0.1:
    dependencies:
      micromark-factory-space: 2.0.1
      micromark-util-character: 2.1.1
      micromark-util-symbol: 2.0.1
      micromark-util-types: 2.0.2

  micromark-factory-whitespace@2.0.1:
    dependencies:
      micromark-factory-space: 2.0.1
      micromark-util-character: 2.1.1
      micromark-util-symbol: 2.0.1
      micromark-util-types: 2.0.2

  micromark-util-character@2.1.1:
    dependencies:
      micromark-util-symbol: 2.0.1
      micromark-util-types: 2.0.2

  micromark-util-chunked@2.0.1:
    dependencies:
      micromark-util-symbol: 2.0.1

  micromark-util-classify-character@2.0.1:
    dependencies:
      micromark-util-character: 2.1.1
      micromark-util-symbol: 2.0.1
      micromark-util-types: 2.0.2

  micromark-util-combine-extensions@2.0.1:
    dependencies:
      micromark-util-chunked: 2.0.1
      micromark-util-types: 2.0.2

  micromark-util-decode-numeric-character-reference@2.0.2:
    dependencies:
      micromark-util-symbol: 2.0.1

  micromark-util-decode-string@2.0.1:
    dependencies:
      decode-named-character-reference: 1.3.0
      micromark-util-character: 2.1.1
      micromark-util-decode-numeric-character-reference: 2.0.2
      micromark-util-symbol: 2.0.1

  micromark-util-encode@2.0.1: {}

  micromark-util-html-tag-name@2.0.1: {}

  micromark-util-normalize-identifier@2.0.1:
    dependencies:
      micromark-util-symbol: 2.0.1

  micromark-util-resolve-all@2.0.1:
    dependencies:
      micromark-util-types: 2.0.2

  micromark-util-sanitize-uri@2.0.1:
    dependencies:
      micromark-util-character: 2.1.1
      micromark-util-encode: 2.0.1
      micromark-util-symbol: 2.0.1

  micromark-util-subtokenize@2.1.0:
    dependencies:
      devlop: 1.1.0
      micromark-util-chunked: 2.0.1
      micromark-util-symbol: 2.0.1
      micromark-util-types: 2.0.2

  micromark-util-symbol@2.0.1: {}

  micromark-util-types@2.0.2: {}

  micromark@4.0.2:
    dependencies:
      '@types/debug': 4.1.13
      debug: 4.4.3
      decode-named-character-reference: 1.3.0
      devlop: 1.1.0
      micromark-core-commonmark: 2.0.3
      micromark-factory-space: 2.0.1
      micromark-util-character: 2.1.1
      micromark-util-chunked: 2.0.1
      micromark-util-combine-extensions: 2.0.1
      micromark-util-decode-numeric-character-reference: 2.0.2
      micromark-util-encode: 2.0.1
      micromark-util-normalize-identifier: 2.0.1
      micromark-util-resolve-all: 2.0.1
      micromark-util-sanitize-uri: 2.0.1
      micromark-util-subtokenize: 2.1.0
      micromark-util-symbol: 2.0.1
      micromark-util-types: 2.0.2
    transitivePeerDependencies:
      - supports-color

  ms@2.1.3: {}

  remark-parse@11.0.0:
    dependencies:
      '@types/mdast': 4.0.4
      mdast-util-from-markdown: 2.0.3
      micromark-util-types: 2.0.2
      unified: 11.0.5
    transitivePeerDependencies:
      - supports-color

  trough@2.2.0: {}

  typescript@5.9.3: {}

  undici-types@6.21.0: {}

  unified@11.0.5:
    dependencies:
      '@types/unist': 3.0.3
      bail: 2.0.2
      devlop: 1.1.0
      extend: 3.0.2
      is-plain-obj: 4.1.0
      trough: 2.2.0
      vfile: 6.0.3

  unist-util-is@6.0.1:
    dependencies:
      '@types/unist': 3.0.3

  unist-util-stringify-position@4.0.0:
    dependencies:
      '@types/unist': 3.0.3

  unist-util-visit-parents@6.0.2:
    dependencies:
      '@types/unist': 3.0.3
      unist-util-is: 6.0.1

  unist-util-visit@5.1.0:
    dependencies:
      '@types/unist': 3.0.3
      unist-util-is: 6.0.1
      unist-util-visit-parents: 6.0.2

  vfile-message@4.0.3:
    dependencies:
      '@types/unist': 3.0.3
      unist-util-stringify-position: 4.0.0

  vfile@6.0.3:
    dependencies:
      '@types/unist': 3.0.3
      vfile-message: 4.0.3

  zod@3.25.76: {}
